// !$*UTF8*$!
{
	archiveVersion = 1;
	classes = {
	};
	objectVersion = 56;
	objects = {

/* Begin PBXBuildFile section */
		9F93A0BA2BB414EF00BC1446 /* FinancesApp.swift in Sources */ = {isa = PBXBuildFile; fileRef = 9F93A0B92BB414EF00BC1446 /* FinancesApp.swift */; };
		9F93A0BC2BB414EF00BC1446 /* ContentView.swift in Sources */ = {isa = PBXBuildFile; fileRef = 9F93A0BB2BB414EF00BC1446 /* ContentView.swift */; };
		9F93A0BE2BB414EF00BC1446 /* PaymentRecord.swift in Sources */ = {isa = PBXBuildFile; fileRef = 9F93A0BD2BB414EF00BC1446 /* PaymentRecord.swift */; };
		9F93A0C02BB414FD00BC1446 /* Assets.xcassets in Resources */ = {isa = PBXBuildFile; fileRef = 9F93A0BF2BB414FD00BC1446 /* Assets.xcassets */; };
		9F93A0C32BB414FD00BC1446 /* Preview Assets.xcassets in Resources */ = {isa = PBXBuildFile; fileRef = 9F93A0C22BB414FD00BC1446 /* Preview Assets.xcassets */; };
		9F93A0CE2BB418A100BC1446 /* NumberFormatter+Extension.swift in Sources */ = {isa = PBXBuildFile; fileRef = 9F93A0CD2BB418A100BC1446 /* NumberFormatter+Extension.swift */; };
		9F93A0D02BB4193300BC1446 /* Date+Extension.swift in Sources */ = {isa = PBXBuildFile; fileRef = 9F93A0CF2BB4193300BC1446 /* Date+Extension.swift */; };
/* End PBXBuildFile section */

/* Begin PBXFileReference section */
		9F93A0B62BB414EF00BC1446 /* Finances.app */ = {isa = PBXFileReference; explicitFileType = wrapper.application; includeInIndex = 0; path = Finances.app; sourceTree = BUILT_PRODUCTS_DIR; };
		9F93A0B92BB414EF00BC1446 /* FinancesApp.swift */ = {isa = PBXFileReference; lastKnownFileType = sourcecode.swift; path = FinancesApp.swift; sourceTree = "<group>"; };
		9F93A0BB2BB414EF00BC1446 /* ContentView.swift */ = {isa = PBXFileReference; lastKnownFileType = sourcecode.swift; path = ContentView.swift; sourceTree = "<group>"; };
		9F93A0BD2BB414EF00BC1446 /* PaymentRecord.swift */ = {isa = PBXFileReference; lastKnownFileType = sourcecode.swift; path = PaymentRecord.swift; sourceTree = "<group>"; };
		9F93A0BF2BB414FD00BC1446 /* Assets.xcassets */ = {isa = PBXFileReference; lastKnownFileType = folder.assetcatalog; path = Assets.xcassets; sourceTree = "<group>"; };
		9F93A0C22BB414FD00BC1446 /* Preview Assets.xcassets */ = {isa = PBXFileReference; lastKnownFileType = folder.assetcatalog; path = "Preview Assets.xcassets"; sourceTree = "<group>"; };
		9F93A0CD2BB418A100BC1446 /* NumberFormatter+Extension.swift */ = {isa = PBXFileReference; lastKnownFileType = sourcecode.swift; path = "NumberFormatter+Extension.swift"; sourceTree = "<group>"; };
		9F93A0CF2BB4193300BC1446 /* Date+Extension.swift */ = {isa = PBXFileReference; lastKnownFileType = sourcecode.swift; path = "Date+Extension.swift"; sourceTree = "<group>"; };
/* End PBXFileReference section */

/* Begin PBXFrameworksBuildPhase section */
		9F93A0B32BB414EF00BC1446 /* Frameworks */ = {
			isa = PBXFrameworksBuildPhase;
			buildActionMask = 2147483647;
			files = (
			);
			runOnlyForDeploymentPostprocessing = 0;
		};
/* End PBXFrameworksBuildPhase section */

/* Begin PBXGroup section */
		9F93A0AD2BB414EF00BC1446 = {
			isa = PBXGroup;
			children = (
				9F93A0B82BB414EF00BC1446 /* Finances */,
				9F93A0B72BB414EF00BC1446 /* Products */,
			);
			sourceTree = "<group>";
		};
		9F93A0B72BB414EF00BC1446 /* Products */ = {
			isa = PBXGroup;
			children = (
				9F93A0B62BB414EF00BC1446 /* Finances.app */,
			);
			name = Products;
			sourceTree = "<group>";
		};
		9F93A0B82BB414EF00BC1446 /* Finances */ = {
			isa = PBXGroup;
			children = (
				9F93A0B92BB414EF00BC1446 /* FinancesApp.swift */,
				9F93A0C92BB4151300BC1446 /* Extensions */,
				9F93A0CA2BB4151C00BC1446 /* Model */,
				9F93A0CB2BB4152200BC1446 /* View */,
				9F93A0CC2BB4152900BC1446 /* ViewModel */,
				9F93A0BF2BB414FD00BC1446 /* Assets.xcassets */,
				9F93A0C12BB414FD00BC1446 /* Preview Content */,
			);
			path = Finances;
			sourceTree = "<group>";
		};
		9F93A0C12BB414FD00BC1446 /* Preview Content */ = {
			isa = PBXGroup;
			children = (
				9F93A0C22BB414FD00BC1446 /* Preview Assets.xcassets */,
			);
			path = "Preview Content";
			sourceTree = "<group>";
		};
		9F93A0C92BB4151300BC1446 /* Extensions */ = {
			isa = PBXGroup;
			children = (
				9F93A0CD2BB418A100BC1446 /* NumberFormatter+Extension.swift */,
				9F93A0CF2BB4193300BC1446 /* Date+Extension.swift */,
			);
			path = Extensions;
			sourceTree = "<group>";
		};
		9F93A0CA2BB4151C00BC1446 /* Model */ = {
			isa = PBXGroup;
			children = (
				9F93A0BD2BB414EF00BC1446 /* PaymentRecord.swift */,
			);
			path = Model;
			sourceTree = "<group>";
		};
		9F93A0CB2BB4152200BC1446 /* View */ = {
			isa = PBXGroup;
			children = (
				9F93A0BB2BB414EF00BC1446 /* ContentView.swift */,
			);
			path = View;
			sourceTree = "<group>";
		};
		9F93A0CC2BB4152900BC1446 /* ViewModel */ = {
			isa = PBXGroup;
			children = (
			);
			path = ViewModel;
			sourceTree = "<group>";
		};
/* End PBXGroup section */

/* Begin PBXNativeTarget section */
		9F93A0B52BB414EF00BC1446 /* Finances */ = {
			isa = PBXNativeTarget;
			buildConfigurationList = 9F93A0C62BB414FD00BC1446 /* Build configuration list for PBXNativeTarget "Finances" */;
			buildPhases = (
				9F93A0B22BB414EF00BC1446 /* Sources */,
				9F93A0B32BB414EF00BC1446 /* Frameworks */,
				9F93A0B42BB414EF00BC1446 /* Resources */,
			);
			buildRules = (
			);
			dependencies = (
			);
			name = Finances;
			productName = Finances;
			productReference = 9F93A0B62BB414EF00BC1446 /* Finances.app */;
			productType = "com.apple.product-type.application";
		};
/* End PBXNativeTarget section */

/* Begin PBXProject section */
		9F93A0AE2BB414EF00BC1446 /* Project object */ = {
			isa = PBXProject;
			attributes = {
				BuildIndependentTargetsInParallel = 1;
				LastSwiftUpdateCheck = 1530;
				LastUpgradeCheck = 1530;
				TargetAttributes = {
					9F93A0B52BB414EF00BC1446 = {
						CreatedOnToolsVersion = 15.3;
					};
				};
			};
			buildConfigurationList = 9F93A0B12BB414EF00BC1446 /* Build configuration list for PBXProject "Finances" */;
			compatibilityVersion = "Xcode 14.0";
			developmentRegion = en;
			hasScannedForEncodings = 0;
			knownRegions = (
				en,
				Base,
			);
			mainGroup = 9F93A0AD2BB414EF00BC1446;
			productRefGroup = 9F93A0B72BB414EF00BC1446 /* Products */;
			projectDirPath = "";
			projectRoot = "";
			targets = (
				9F93A0B52BB414EF00BC1446 /* Finances */,
			);
		};
/* End PBXProject section */

/* Begin PBXResourcesBuildPhase section */
		9F93A0B42BB414EF00BC1446 /* Resources */ = {
			isa = PBXResourcesBuildPhase;
			buildActionMask = 2147483647;
			files = (
				9F93A0C32BB414FD00BC1446 /* Preview Assets.xcassets in Resources */,
				9F93A0C02BB414FD00BC1446 /* Assets.xcassets in Resources */,
			);
			runOnlyForDeploymentPostprocessing = 0;
		};
/* End PBXResourcesBuildPhase section */

/* Begin PBXSourcesBuildPhase section */
		9F93A0B22BB414EF00BC1446 /* Sources */ = {
			isa = PBXSourcesBuildPhase;
			buildActionMask = 2147483647;
			files = (
				9F93A0D02BB4193300BC1446 /* Date+Extension.swift in Sources */,
				9F93A0BC2BB414EF00BC1446 /* ContentView.swift in Sources */,
				9F93A0BE2BB414EF00BC1446 /* PaymentRecord.swift in Sources */,
				9F93A0BA2BB414EF00BC1446 /* FinancesApp.swift in Sources */,
				9F93A0CE2BB418A100BC1446 /* NumberFormatter+Extension.swift in Sources */,
			);
			runOnlyForDeploymentPostprocessing = 0;
		};
/* End PBXSourcesBuildPhase section */

/* Begin XCBuildConfiguration section */
		9F93A0C42BB414FD00BC1446 /* Debug */ = {
			isa = XCBuildConfiguration;
			buildSettings = {
				ALWAYS_SEARCH_USER_PATHS = NO;
				ASSETCATALOG_COMPILER_GENERATE_SWIFT_ASSET_SYMBOL_EXTENSIONS = YES;
				CLANG_ANALYZER_NONNULL = YES;
				CLANG_ANALYZER_NUMBER_OBJECT_CONVERSION = YES_AGGRESSIVE;
				CLANG_CXX_LANGUAGE_STANDARD = "gnu++20";
				CLANG_ENABLE_MODULES = YES;
				CLANG_ENABLE_OBJC_ARC = YES;
				CLANG_ENABLE_OBJC_WEAK = YES;
				CLANG_WARN_BLOCK_CAPTURE_AUTORELEASING = YES;
				CLANG_WARN_BOOL_CONVERSION = YES;
				CLANG_WARN_COMMA = YES;
				CLANG_WARN_CONSTANT_CONVERSION = YES;
				CLANG_WARN_DEPRECATED_OBJC_IMPLEMENTATIONS = YES;
				CLANG_WARN_DIRECT_OBJC_ISA_USAGE = YES_ERROR;
				CLANG_WARN_DOCUMENTATION_COMMENTS = YES;
				CLANG_WARN_EMPTY_BODY = YES;
				CLANG_WARN_ENUM_CONVERSION = YES;
				CLANG_WARN_INFINITE_RECURSION = YES;
				CLANG_WARN_INT_CONVERSION = YES;
				CLANG_WARN_NON_LITERAL_NULL_CONVERSION = YES;
				CLANG_WARN_OBJC_IMPLICIT_RETAIN_SELF = YES;
				CLANG_WARN_OBJC_LITERAL_CONVERSION = YES;
				CLANG_WARN_OBJC_ROOT_CLASS = YES_ERROR;
				CLANG_WARN_QUOTED_INCLUDE_IN_FRAMEWORK_HEADER = YES;
				CLANG_WARN_RANGE_LOOP_ANALYSIS = YES;
				CLANG_WARN_STRICT_PROTOTYPES = YES;
				CLANG_WARN_SUSPICIOUS_MOVE = YES;
				CLANG_WARN_UNGUARDED_AVAILABILITY = YES_AGGRESSIVE;
				CLANG_WARN_UNREACHABLE_CODE = YES;
				CLANG_WARN__DUPLICATE_METHOD_MATCH = YES;
				COPY_PHASE_STRIP = NO;
				DEBUG_INFORMATION_FORMAT = dwarf;
				ENABLE_STRICT_OBJC_MSGSEND = YES;
				ENABLE_TESTABILITY = YES;
				ENABLE_USER_SCRIPT_SANDBOXING = YES;
				GCC_C_LANGUAGE_STANDARD = gnu17;
				GCC_DYNAMIC_NO_PIC = NO;
				GCC_NO_COMMON_BLOCKS = YES;
				GCC_OPTIMIZATION_LEVEL = 0;
				GCC_PREPROCESSOR_DEFINITIONS = (
					"DEBUG=1",
					"$(inherited)",
				);
				GCC_WARN_64_TO_32_BIT_CONVERSION = YES;
				GCC_WARN_ABOUT_RETURN_TYPE = YES_ERROR;
				GCC_WARN_UNDECLARED_SELECTOR = YES;
				GCC_WARN_UNINITIALIZED_AUTOS = YES_AGGRESSIVE;
				GCC_WARN_UNUSED_FUNCTION = YES;
				GCC_WARN_UNUSED_VARIABLE = YES;
				IPHONEOS_DEPLOYMENT_TARGET = 17.4;
				LOCALIZATION_PREFERS_STRING_CATALOGS = YES;
				MTL_ENABLE_DEBUG_INFO = INCLUDE_SOURCE;
				MTL_FAST_MATH = YES;
				ONLY_ACTIVE_ARCH = YES;
				SDKROOT = iphoneos;
				SWIFT_ACTIVE_COMPILATION_CONDITIONS = "DEBUG $(inherited)";
				SWIFT_OPTIMIZATION_LEVEL = "-Onone";
			};
			name = Debug;
		};
		9F93A0C52BB414FD00BC1446 /* Release */ = {
			isa = XCBuildConfiguration;
			buildSettings = {
				ALWAYS_SEARCH_USER_PATHS = NO;
				ASSETCATALOG_COMPILER_GENERATE_SWIFT_ASSET_SYMBOL_EXTENSIONS = YES;
				CLANG_ANALYZER_NONNULL = YES;
				CLANG_ANALYZER_NUMBER_OBJECT_CONVERSION = YES_AGGRESSIVE;
				CLANG_CXX_LANGUAGE_STANDARD = "gnu++20";
				CLANG_ENABLE_MODULES = YES;
				CLANG_ENABLE_OBJC_ARC = YES;
				CLANG_ENABLE_OBJC_WEAK = YES;
				CLANG_WARN_BLOCK_CAPTURE_AUTORELEASING = YES;
				CLANG_WARN_BOOL_CONVERSION = YES;
				CLANG_WARN_COMMA = YES;
				CLANG_WARN_CONSTANT_CONVERSION = YES;
				CLANG_WARN_DEPRECATED_OBJC_IMPLEMENTATIONS = YES;
				CLANG_WARN_DIRECT_OBJC_ISA_USAGE = YES_ERROR;
				CLANG_WARN_DOCUMENTATION_COMMENTS = YES;
				CLANG_WARN_EMPTY_BODY = YES;
				CLANG_WARN_ENUM_CONVERSION = YES;
				CLANG_WARN_INFINITE_RECURSION = YES;
				CLANG_WARN_INT_CONVERSION = YES;
				CLANG_WARN_NON_LITERAL_NULL_CONVERSION = YES;
				CLANG_WARN_OBJC_IMPLICIT_RETAIN_SELF = YES;
				CLANG_WARN_OBJC_LITERAL_CONVERSION = YES;
				CLANG_WARN_OBJC_ROOT_CLASS = YES_ERROR;
				CLANG_WARN_QUOTED_INCLUDE_IN_FRAMEWORK_HEADER = YES;
				CLANG_WARN_RANGE_LOOP_ANALYSIS = YES;
				CLANG_WARN_STRICT_PROTOTYPES = YES;
				CLANG_WARN_SUSPICIOUS_MOVE = YES;
				CLANG_WARN_UNGUARDED_AVAILABILITY = YES_AGGRESSIVE;
				CLANG_WARN_UNREACHABLE_CODE = YES;
				CLANG_WARN__DUPLICATE_METHOD_MATCH = YES;
				COPY_PHASE_STRIP = NO;
				DEBUG_INFORMATION_FORMAT = "dwarf-with-dsym";
				ENABLE_NS_ASSERTIONS = NO;
				ENABLE_STRICT_OBJC_MSGSEND = YES;
				ENABLE_USER_SCRIPT_SANDBOXING = YES;
				GCC_C_LANGUAGE_STANDARD = gnu17;
				GCC_NO_COMMON_BLOCKS = YES;
				GCC_WARN_64_TO_32_BIT_CONVERSION = YES;
				GCC_WARN_ABOUT_RETURN_TYPE = YES_ERROR;
				GCC_WARN_UNDECLARED_SELECTOR = YES;
				GCC_WARN_UNINITIALIZED_AUTOS = YES_AGGRESSIVE;
				GCC_WARN_UNUSED_FUNCTION = YES;
				GCC_WARN_UNUSED_VARIABLE = YES;
				IPHONEOS_DEPLOYMENT_TARGET = 17.4;
				LOCALIZATION_PREFERS_STRING_CATALOGS = YES;
				MTL_ENABLE_DEBUG_INFO = NO;
				MTL_FAST_MATH = YES;
				SDKROOT = iphoneos;
				SWIFT_COMPILATION_MODE = wholemodule;
				VALIDATE_PRODUCT = YES;
			};
			name = Release;
		};
		9F93A0C72BB414FD00BC1446 /* Debug */ = {
			isa = XCBuildConfiguration;
			buildSettings = {
				ASSETCATALOG_COMPILER_APPICON_NAME = AppIcon;
				ASSETCATALOG_COMPILER_GLOBAL_ACCENT_COLOR_NAME = AccentColor;
				CODE_SIGN_STYLE = Automatic;
				CURRENT_PROJECT_VERSION = 1;
				DEVELOPMENT_ASSET_PATHS = "\"Finances/Preview Content\"";
				DEVELOPMENT_TEAM = 46DDJ78PL2;
				ENABLE_PREVIEWS = YES;
				GENERATE_INFOPLIST_FILE = YES;
				INFOPLIST_KEY_UIApplicationSceneManifest_Generation = YES;
				INFOPLIST_KEY_UIApplicationSupportsIndirectInputEvents = YES;
				INFOPLIST_KEY_UILaunchScreen_Generation = YES;
				INFOPLIST_KEY_UISupportedInterfaceOrientations_iPad = "UIInterfaceOrientationPortrait UIInterfaceOrientationPortraitUpsideDown UIInterfaceOrientationLandscapeLeft UIInterfaceOrientationLandscapeRight";
				INFOPLIST_KEY_UISupportedInterfaceOrientations_iPhone = "UIInterfaceOrientationPortrait UIInterfaceOrientationLandscapeLeft UIInterfaceOrientationLandscapeRight";
				LD_RUNPATH_SEARCH_PATHS = (
					"$(inherited)",
					"@executable_path/Frameworks",
				);
				MARKETING_VERSION = 1.0;
				PRODUCT_BUNDLE_IDENTIFIER = com.bermudez.Finances;
				PRODUCT_NAME = "$(TARGET_NAME)";
				SWIFT_EMIT_LOC_STRINGS = YES;
				SWIFT_VERSION = 5.0;
				TARGETED_DEVICE_FAMILY = "1,2";
			};
			name = Debug;
		};
		9F93A0C82BB414FD00BC1446 /* Release */ = {
			isa = XCBuildConfiguration;
			buildSettings = {
				ASSETCATALOG_COMPILER_APPICON_NAME = AppIcon;
				ASSETCATALOG_COMPILER_GLOBAL_ACCENT_COLOR_NAME = AccentColor;
				CODE_SIGN_STYLE = Automatic;
				CURRENT_PROJECT_VERSION = 1;
				DEVELOPMENT_ASSET_PATHS = "\"Finances/Preview Content\"";
				DEVELOPMENT_TEAM = 46DDJ78PL2;
				ENABLE_PREVIEWS = YES;
				GENERATE_INFOPLIST_FILE = YES;
				INFOPLIST_KEY_UIApplicationSceneManifest_Generation = YES;
				INFOPLIST_KEY_UIApplicationSupportsIndirectInputEvents = YES;
				INFOPLIST_KEY_UILaunchScreen_Generation = YES;
				INFOPLIST_KEY_UISupportedInterfaceOrientations_iPad = "UIInterfaceOrientationPortrait UIInterfaceOrientationPortraitUpsideDown UIInterfaceOrientationLandscapeLeft UIInterfaceOrientationLandscapeRight";
				INFOPLIST_KEY_UISupportedInterfaceOrientations_iPhone = "UIInterfaceOrientationPortrait UIInterfaceOrientationLandscapeLeft UIInterfaceOrientationLandscapeRight";
				LD_RUNPATH_SEARCH_PATHS = (
					"$(inherited)",
					"@executable_path/Frameworks",
				);
				MARKETING_VERSION = 1.0;
				PRODUCT_BUNDLE_IDENTIFIER = com.bermudez.Finances;
				PRODUCT_NAME = "$(TARGET_NAME)";
				SWIFT_EMIT_LOC_STRINGS = YES;
				SWIFT_VERSION = 5.0;
				TARGETED_DEVICE_FAMILY = "1,2";
			};
			name = Release;
		};
/* End XCBuildConfiguration section */

/* Begin XCConfigurationList section */
		9F93A0B12BB414EF00BC1446 /* Build configuration list for PBXProject "Finances" */ = {
			isa = XCConfigurationList;
			buildConfigurations = (
				9F93A0C42BB414FD00BC1446 /* Debug */,
				9F93A0C52BB414FD00BC1446 /* Release */,
			);
			defaultConfigurationIsVisible = 0;
			defaultConfigurationName = Release;
		};
		9F93A0C62BB414FD00BC1446 /* Build configuration list for PBXNativeTarget "Finances" */ = {
			isa = XCConfigurationList;
			buildConfigurations = (
				9F93A0C72BB414FD00BC1446 /* Debug */,
				9F93A0C82BB414FD00BC1446 /* Release */,
			);
			defaultConfigurationIsVisible = 0;
			defaultConfigurationName = Release;
		};
/* End XCConfigurationList section */
	};
	rootObject = 9F93A0AE2BB414EF00BC1446 /* Project object */;
}
