// !$*UTF8*$!
{
	archiveVersion = 1;
	classes = {
	};
	objectVersion = 56;
	objects = {

/* Begin PBXBuildFile section */
		9F1005B32BA0452900B76CAE /* Transaction.swift in Sources */ = {isa = PBXBuildFile; fileRef = 9F1005B22BA0452900B76CAE /* Transaction.swift */; };
		9F1005B52BA04D4700B76CAE /* Card.swift in Sources */ = {isa = PBXBuildFile; fileRef = 9F1005B42BA04D4700B76CAE /* Card.swift */; };
		9F1005B92BA04FCB00B76CAE /* TransactionsHistoryView.swift in Sources */ = {isa = PBXBuildFile; fileRef = 9F1005B82BA04FCB00B76CAE /* TransactionsHistoryView.swift */; };
		9F1005BB2BA0595600B76CAE /* CardView.swift in Sources */ = {isa = PBXBuildFile; fileRef = 9F1005BA2BA0595600B76CAE /* CardView.swift */; };
		9F7338702B9F892E0091E5AA /* AppleWalletApp.swift in Sources */ = {isa = PBXBuildFile; fileRef = 9F73386F2B9F892E0091E5AA /* AppleWalletApp.swift */; };
		9F7338722B9F892E0091E5AA /* ContentView.swift in Sources */ = {isa = PBXBuildFile; fileRef = 9F7338712B9F892E0091E5AA /* ContentView.swift */; };
		9F7338742B9F89300091E5AA /* Assets.xcassets in Resources */ = {isa = PBXBuildFile; fileRef = 9F7338732B9F89300091E5AA /* Assets.xcassets */; };
		9F7338772B9F89300091E5AA /* Preview Assets.xcassets in Resources */ = {isa = PBXBuildFile; fileRef = 9F7338762B9F89300091E5AA /* Preview Assets.xcassets */; };
/* End PBXBuildFile section */

/* Begin PBXFileReference section */
		9F1005B22BA0452900B76CAE /* Transaction.swift */ = {isa = PBXFileReference; lastKnownFileType = sourcecode.swift; path = Transaction.swift; sourceTree = "<group>"; };
		9F1005B42BA04D4700B76CAE /* Card.swift */ = {isa = PBXFileReference; lastKnownFileType = sourcecode.swift; path = Card.swift; sourceTree = "<group>"; };
		9F1005B82BA04FCB00B76CAE /* TransactionsHistoryView.swift */ = {isa = PBXFileReference; lastKnownFileType = sourcecode.swift; path = TransactionsHistoryView.swift; sourceTree = "<group>"; };
		9F1005BA2BA0595600B76CAE /* CardView.swift */ = {isa = PBXFileReference; lastKnownFileType = sourcecode.swift; path = CardView.swift; sourceTree = "<group>"; };
		9F73386C2B9F892E0091E5AA /* AppleWallet.app */ = {isa = PBXFileReference; explicitFileType = wrapper.application; includeInIndex = 0; path = AppleWallet.app; sourceTree = BUILT_PRODUCTS_DIR; };
		9F73386F2B9F892E0091E5AA /* AppleWalletApp.swift */ = {isa = PBXFileReference; lastKnownFileType = sourcecode.swift; path = AppleWalletApp.swift; sourceTree = "<group>"; };
		9F7338712B9F892E0091E5AA /* ContentView.swift */ = {isa = PBXFileReference; lastKnownFileType = sourcecode.swift; path = ContentView.swift; sourceTree = "<group>"; };
		9F7338732B9F89300091E5AA /* Assets.xcassets */ = {isa = PBXFileReference; lastKnownFileType = folder.assetcatalog; path = Assets.xcassets; sourceTree = "<group>"; };
		9F7338762B9F89300091E5AA /* Preview Assets.xcassets */ = {isa = PBXFileReference; lastKnownFileType = folder.assetcatalog; path = "Preview Assets.xcassets"; sourceTree = "<group>"; };
/* End PBXFileReference section */

/* Begin PBXFrameworksBuildPhase section */
		9F7338692B9F892E0091E5AA /* Frameworks */ = {
			isa = PBXFrameworksBuildPhase;
			buildActionMask = 2147483647;
			files = (
			);
			runOnlyForDeploymentPostprocessing = 0;
		};
/* End PBXFrameworksBuildPhase section */

/* Begin PBXGroup section */
		9F1005B62BA04F7200B76CAE /* Model */ = {
			isa = PBXGroup;
			children = (
				9F1005B22BA0452900B76CAE /* Transaction.swift */,
				9F1005B42BA04D4700B76CAE /* Card.swift */,
			);
			path = Model;
			sourceTree = "<group>";
		};
		9F1005B72BA04F9200B76CAE /* View */ = {
			isa = PBXGroup;
			children = (
				9F7338712B9F892E0091E5AA /* ContentView.swift */,
				9F1005B82BA04FCB00B76CAE /* TransactionsHistoryView.swift */,
				9F1005BA2BA0595600B76CAE /* CardView.swift */,
			);
			path = View;
			sourceTree = "<group>";
		};
		9F7338632B9F892E0091E5AA = {
			isa = PBXGroup;
			children = (
				9F73386E2B9F892E0091E5AA /* AppleWallet */,
				9F73386D2B9F892E0091E5AA /* Products */,
			);
			sourceTree = "<group>";
		};
		9F73386D2B9F892E0091E5AA /* Products */ = {
			isa = PBXGroup;
			children = (
				9F73386C2B9F892E0091E5AA /* AppleWallet.app */,
			);
			name = Products;
			sourceTree = "<group>";
		};
		9F73386E2B9F892E0091E5AA /* AppleWallet */ = {
			isa = PBXGroup;
			children = (
				9F73386F2B9F892E0091E5AA /* AppleWalletApp.swift */,
				9F1005B72BA04F9200B76CAE /* View */,
				9F1005B62BA04F7200B76CAE /* Model */,
				9F7338732B9F89300091E5AA /* Assets.xcassets */,
				9F7338752B9F89300091E5AA /* Preview Content */,
			);
			path = AppleWallet;
			sourceTree = "<group>";
		};
		9F7338752B9F89300091E5AA /* Preview Content */ = {
			isa = PBXGroup;
			children = (
				9F7338762B9F89300091E5AA /* Preview Assets.xcassets */,
			);
			path = "Preview Content";
			sourceTree = "<group>";
		};
/* End PBXGroup section */

/* Begin PBXNativeTarget section */
		9F73386B2B9F892E0091E5AA /* AppleWallet */ = {
			isa = PBXNativeTarget;
			buildConfigurationList = 9F73387A2B9F89300091E5AA /* Build configuration list for PBXNativeTarget "AppleWallet" */;
			buildPhases = (
				9F7338682B9F892E0091E5AA /* Sources */,
				9F7338692B9F892E0091E5AA /* Frameworks */,
				9F73386A2B9F892E0091E5AA /* Resources */,
			);
			buildRules = (
			);
			dependencies = (
			);
			name = AppleWallet;
			productName = AppleWallet;
			productReference = 9F73386C2B9F892E0091E5AA /* AppleWallet.app */;
			productType = "com.apple.product-type.application";
		};
/* End PBXNativeTarget section */

/* Begin PBXProject section */
		9F7338642B9F892E0091E5AA /* Project object */ = {
			isa = PBXProject;
			attributes = {
				BuildIndependentTargetsInParallel = 1;
				LastSwiftUpdateCheck = 1530;
				LastUpgradeCheck = 1530;
				TargetAttributes = {
					9F73386B2B9F892E0091E5AA = {
						CreatedOnToolsVersion = 15.3;
					};
				};
			};
			buildConfigurationList = 9F7338672B9F892E0091E5AA /* Build configuration list for PBXProject "AppleWallet" */;
			compatibilityVersion = "Xcode 14.0";
			developmentRegion = en;
			hasScannedForEncodings = 0;
			knownRegions = (
				en,
				Base,
			);
			mainGroup = 9F7338632B9F892E0091E5AA;
			productRefGroup = 9F73386D2B9F892E0091E5AA /* Products */;
			projectDirPath = "";
			projectRoot = "";
			targets = (
				9F73386B2B9F892E0091E5AA /* AppleWallet */,
			);
		};
/* End PBXProject section */

/* Begin PBXResourcesBuildPhase section */
		9F73386A2B9F892E0091E5AA /* Resources */ = {
			isa = PBXResourcesBuildPhase;
			buildActionMask = 2147483647;
			files = (
				9F7338772B9F89300091E5AA /* Preview Assets.xcassets in Resources */,
				9F7338742B9F89300091E5AA /* Assets.xcassets in Resources */,
			);
			runOnlyForDeploymentPostprocessing = 0;
		};
/* End PBXResourcesBuildPhase section */

/* Begin PBXSourcesBuildPhase section */
		9F7338682B9F892E0091E5AA /* Sources */ = {
			isa = PBXSourcesBuildPhase;
			buildActionMask = 2147483647;
			files = (
				9F7338722B9F892E0091E5AA /* ContentView.swift in Sources */,
				9F7338702B9F892E0091E5AA /* AppleWalletApp.swift in Sources */,
				9F1005B32BA0452900B76CAE /* Transaction.swift in Sources */,
				9F1005B52BA04D4700B76CAE /* Card.swift in Sources */,
				9F1005BB2BA0595600B76CAE /* CardView.swift in Sources */,
				9F1005B92BA04FCB00B76CAE /* TransactionsHistoryView.swift in Sources */,
			);
			runOnlyForDeploymentPostprocessing = 0;
		};
/* End PBXSourcesBuildPhase section */

/* Begin XCBuildConfiguration section */
		9F7338782B9F89300091E5AA /* Debug */ = {
			isa = XCBuildConfiguration;
			buildSettings = {
				ALWAYS_SEARCH_USER_PATHS = NO;
				ASSETCATALOG_COMPILER_GENERATE_SWIFT_ASSET_SYMBOL_EXTENSIONS = YES;
				CLANG_ANALYZER_NONNULL = YES;
				CLANG_ANALYZER_NUMBER_OBJECT_CONVERSION = YES_AGGRESSIVE;
				CLANG_CXX_LANGUAGE_STANDARD = "gnu++20";
				CLANG_ENABLE_MODULES = YES;
				CLANG_ENABLE_OBJC_ARC = YES;
				CLANG_ENABLE_OBJC_WEAK = YES;
				CLANG_WARN_BLOCK_CAPTURE_AUTORELEASING = YES;
				CLANG_WARN_BOOL_CONVERSION = YES;
				CLANG_WARN_COMMA = YES;
				CLANG_WARN_CONSTANT_CONVERSION = YES;
				CLANG_WARN_DEPRECATED_OBJC_IMPLEMENTATIONS = YES;
				CLANG_WARN_DIRECT_OBJC_ISA_USAGE = YES_ERROR;
				CLANG_WARN_DOCUMENTATION_COMMENTS = YES;
				CLANG_WARN_EMPTY_BODY = YES;
				CLANG_WARN_ENUM_CONVERSION = YES;
				CLANG_WARN_INFINITE_RECURSION = YES;
				CLANG_WARN_INT_CONVERSION = YES;
				CLANG_WARN_NON_LITERAL_NULL_CONVERSION = YES;
				CLANG_WARN_OBJC_IMPLICIT_RETAIN_SELF = YES;
				CLANG_WARN_OBJC_LITERAL_CONVERSION = YES;
				CLANG_WARN_OBJC_ROOT_CLASS = YES_ERROR;
				CLANG_WARN_QUOTED_INCLUDE_IN_FRAMEWORK_HEADER = YES;
				CLANG_WARN_RANGE_LOOP_ANALYSIS = YES;
				CLANG_WARN_STRICT_PROTOTYPES = YES;
				CLANG_WARN_SUSPICIOUS_MOVE = YES;
				CLANG_WARN_UNGUARDED_AVAILABILITY = YES_AGGRESSIVE;
				CLANG_WARN_UNREACHABLE_CODE = YES;
				CLANG_WARN__DUPLICATE_METHOD_MATCH = YES;
				COPY_PHASE_STRIP = NO;
				DEBUG_INFORMATION_FORMAT = dwarf;
				ENABLE_STRICT_OBJC_MSGSEND = YES;
				ENABLE_TESTABILITY = YES;
				ENABLE_USER_SCRIPT_SANDBOXING = YES;
				GCC_C_LANGUAGE_STANDARD = gnu17;
				GCC_DYNAMIC_NO_PIC = NO;
				GCC_NO_COMMON_BLOCKS = YES;
				GCC_OPTIMIZATION_LEVEL = 0;
				GCC_PREPROCESSOR_DEFINITIONS = (
					"DEBUG=1",
					"$(inherited)",
				);
				GCC_WARN_64_TO_32_BIT_CONVERSION = YES;
				GCC_WARN_ABOUT_RETURN_TYPE = YES_ERROR;
				GCC_WARN_UNDECLARED_SELECTOR = YES;
				GCC_WARN_UNINITIALIZED_AUTOS = YES_AGGRESSIVE;
				GCC_WARN_UNUSED_FUNCTION = YES;
				GCC_WARN_UNUSED_VARIABLE = YES;
				IPHONEOS_DEPLOYMENT_TARGET = 17.4;
				LOCALIZATION_PREFERS_STRING_CATALOGS = YES;
				MTL_ENABLE_DEBUG_INFO = INCLUDE_SOURCE;
				MTL_FAST_MATH = YES;
				ONLY_ACTIVE_ARCH = YES;
				SDKROOT = iphoneos;
				SWIFT_ACTIVE_COMPILATION_CONDITIONS = "DEBUG $(inherited)";
				SWIFT_OPTIMIZATION_LEVEL = "-Onone";
			};
			name = Debug;
		};
		9F7338792B9F89300091E5AA /* Release */ = {
			isa = XCBuildConfiguration;
			buildSettings = {
				ALWAYS_SEARCH_USER_PATHS = NO;
				ASSETCATALOG_COMPILER_GENERATE_SWIFT_ASSET_SYMBOL_EXTENSIONS = YES;
				CLANG_ANALYZER_NONNULL = YES;
				CLANG_ANALYZER_NUMBER_OBJECT_CONVERSION = YES_AGGRESSIVE;
				CLANG_CXX_LANGUAGE_STANDARD = "gnu++20";
				CLANG_ENABLE_MODULES = YES;
				CLANG_ENABLE_OBJC_ARC = YES;
				CLANG_ENABLE_OBJC_WEAK = YES;
				CLANG_WARN_BLOCK_CAPTURE_AUTORELEASING = YES;
				CLANG_WARN_BOOL_CONVERSION = YES;
				CLANG_WARN_COMMA = YES;
				CLANG_WARN_CONSTANT_CONVERSION = YES;
				CLANG_WARN_DEPRECATED_OBJC_IMPLEMENTATIONS = YES;
				CLANG_WARN_DIRECT_OBJC_ISA_USAGE = YES_ERROR;
				CLANG_WARN_DOCUMENTATION_COMMENTS = YES;
				CLANG_WARN_EMPTY_BODY = YES;
				CLANG_WARN_ENUM_CONVERSION = YES;
				CLANG_WARN_INFINITE_RECURSION = YES;
				CLANG_WARN_INT_CONVERSION = YES;
				CLANG_WARN_NON_LITERAL_NULL_CONVERSION = YES;
				CLANG_WARN_OBJC_IMPLICIT_RETAIN_SELF = YES;
				CLANG_WARN_OBJC_LITERAL_CONVERSION = YES;
				CLANG_WARN_OBJC_ROOT_CLASS = YES_ERROR;
				CLANG_WARN_QUOTED_INCLUDE_IN_FRAMEWORK_HEADER = YES;
				CLANG_WARN_RANGE_LOOP_ANALYSIS = YES;
				CLANG_WARN_STRICT_PROTOTYPES = YES;
				CLANG_WARN_SUSPICIOUS_MOVE = YES;
				CLANG_WARN_UNGUARDED_AVAILABILITY = YES_AGGRESSIVE;
				CLANG_WARN_UNREACHABLE_CODE = YES;
				CLANG_WARN__DUPLICATE_METHOD_MATCH = YES;
				COPY_PHASE_STRIP = NO;
				DEBUG_INFORMATION_FORMAT = "dwarf-with-dsym";
				ENABLE_NS_ASSERTIONS = NO;
				ENABLE_STRICT_OBJC_MSGSEND = YES;
				ENABLE_USER_SCRIPT_SANDBOXING = YES;
				GCC_C_LANGUAGE_STANDARD = gnu17;
				GCC_NO_COMMON_BLOCKS = YES;
				GCC_WARN_64_TO_32_BIT_CONVERSION = YES;
				GCC_WARN_ABOUT_RETURN_TYPE = YES_ERROR;
				GCC_WARN_UNDECLARED_SELECTOR = YES;
				GCC_WARN_UNINITIALIZED_AUTOS = YES_AGGRESSIVE;
				GCC_WARN_UNUSED_FUNCTION = YES;
				GCC_WARN_UNUSED_VARIABLE = YES;
				IPHONEOS_DEPLOYMENT_TARGET = 17.4;
				LOCALIZATION_PREFERS_STRING_CATALOGS = YES;
				MTL_ENABLE_DEBUG_INFO = NO;
				MTL_FAST_MATH = YES;
				SDKROOT = iphoneos;
				SWIFT_COMPILATION_MODE = wholemodule;
				VALIDATE_PRODUCT = YES;
			};
			name = Release;
		};
		9F73387B2B9F89300091E5AA /* Debug */ = {
			isa = XCBuildConfiguration;
			buildSettings = {
				ASSETCATALOG_COMPILER_APPICON_NAME = AppIcon;
				ASSETCATALOG_COMPILER_GLOBAL_ACCENT_COLOR_NAME = AccentColor;
				CODE_SIGN_STYLE = Automatic;
				CURRENT_PROJECT_VERSION = 1;
				DEVELOPMENT_ASSET_PATHS = "\"AppleWallet/Preview Content\"";
				DEVELOPMENT_TEAM = 46DDJ78PL2;
				ENABLE_PREVIEWS = YES;
				GENERATE_INFOPLIST_FILE = YES;
				INFOPLIST_KEY_UIApplicationSceneManifest_Generation = YES;
				INFOPLIST_KEY_UIApplicationSupportsIndirectInputEvents = YES;
				INFOPLIST_KEY_UILaunchScreen_Generation = YES;
				INFOPLIST_KEY_UISupportedInterfaceOrientations_iPad = "UIInterfaceOrientationPortrait UIInterfaceOrientationPortraitUpsideDown UIInterfaceOrientationLandscapeLeft UIInterfaceOrientationLandscapeRight";
				INFOPLIST_KEY_UISupportedInterfaceOrientations_iPhone = "UIInterfaceOrientationPortrait UIInterfaceOrientationLandscapeLeft UIInterfaceOrientationLandscapeRight";
				LD_RUNPATH_SEARCH_PATHS = (
					"$(inherited)",
					"@executable_path/Frameworks",
				);
				MARKETING_VERSION = 1.0;
				PRODUCT_BUNDLE_IDENTIFIER = com.bermudez.AppleWallet;
				PRODUCT_NAME = "$(TARGET_NAME)";
				SWIFT_EMIT_LOC_STRINGS = YES;
				SWIFT_VERSION = 5.0;
				TARGETED_DEVICE_FAMILY = "1,2";
			};
			name = Debug;
		};
		9F73387C2B9F89300091E5AA /* Release */ = {
			isa = XCBuildConfiguration;
			buildSettings = {
				ASSETCATALOG_COMPILER_APPICON_NAME = AppIcon;
				ASSETCATALOG_COMPILER_GLOBAL_ACCENT_COLOR_NAME = AccentColor;
				CODE_SIGN_STYLE = Automatic;
				CURRENT_PROJECT_VERSION = 1;
				DEVELOPMENT_ASSET_PATHS = "\"AppleWallet/Preview Content\"";
				DEVELOPMENT_TEAM = 46DDJ78PL2;
				ENABLE_PREVIEWS = YES;
				GENERATE_INFOPLIST_FILE = YES;
				INFOPLIST_KEY_UIApplicationSceneManifest_Generation = YES;
				INFOPLIST_KEY_UIApplicationSupportsIndirectInputEvents = YES;
				INFOPLIST_KEY_UILaunchScreen_Generation = YES;
				INFOPLIST_KEY_UISupportedInterfaceOrientations_iPad = "UIInterfaceOrientationPortrait UIInterfaceOrientationPortraitUpsideDown UIInterfaceOrientationLandscapeLeft UIInterfaceOrientationLandscapeRight";
				INFOPLIST_KEY_UISupportedInterfaceOrientations_iPhone = "UIInterfaceOrientationPortrait UIInterfaceOrientationLandscapeLeft UIInterfaceOrientationLandscapeRight";
				LD_RUNPATH_SEARCH_PATHS = (
					"$(inherited)",
					"@executable_path/Frameworks",
				);
				MARKETING_VERSION = 1.0;
				PRODUCT_BUNDLE_IDENTIFIER = com.bermudez.AppleWallet;
				PRODUCT_NAME = "$(TARGET_NAME)";
				SWIFT_EMIT_LOC_STRINGS = YES;
				SWIFT_VERSION = 5.0;
				TARGETED_DEVICE_FAMILY = "1,2";
			};
			name = Release;
		};
/* End XCBuildConfiguration section */

/* Begin XCConfigurationList section */
		9F7338672B9F892E0091E5AA /* Build configuration list for PBXProject "AppleWallet" */ = {
			isa = XCConfigurationList;
			buildConfigurations = (
				9F7338782B9F89300091E5AA /* Debug */,
				9F7338792B9F89300091E5AA /* Release */,
			);
			defaultConfigurationIsVisible = 0;
			defaultConfigurationName = Release;
		};
		9F73387A2B9F89300091E5AA /* Build configuration list for PBXNativeTarget "AppleWallet" */ = {
			isa = XCConfigurationList;
			buildConfigurations = (
				9F73387B2B9F89300091E5AA /* Debug */,
				9F73387C2B9F89300091E5AA /* Release */,
			);
			defaultConfigurationIsVisible = 0;
			defaultConfigurationName = Release;
		};
/* End XCConfigurationList section */
	};
	rootObject = 9F7338642B9F892E0091E5AA /* Project object */;
}
